
Microsoft Visual Studio Solution File, Format Version 12.00
# Visual Studio Version 17
VisualStudioVersion = 17.5.002.0
MinimumVisualStudioVersion = 10.0.40219.1
Project("{9A19103F-16F7-4668-BE54-9A1E7A4F7556}") = "PokemonTradeSystem.API", "PokemonTradeSystem.API.csproj", "{1A867535-7126-4DC9-9946-535A7CC01CA3}"
EndProject
Global
	GlobalSection(SolutionConfigurationPlatforms) = preSolution
		Debug|Any CPU = Debug|Any CPU
		Release|Any CPU = Release|Any CPU
	EndGlobalSection
	GlobalSection(ProjectConfigurationPlatforms) = postSolution
		{1A867535-7126-4DC9-9946-535A7CC01CA3}.Debug|Any CPU.ActiveCfg = Debug|Any CPU
		{1A867535-7126-4DC9-9946-535A7CC01CA3}.Debug|Any CPU.Build.0 = Debug|Any CPU
		{1A867535-7126-4DC9-9946-535A7CC01CA3}.Release|Any CPU.ActiveCfg = Release|Any CPU
		{1A867535-7126-4DC9-9946-535A7CC01CA3}.Release|Any CPU.Build.0 = Release|Any CPU
	EndGlobalSection
	GlobalSection(SolutionProperties) = preSolution
		HideSolutionNode = FALSE
	EndGlobalSection
	GlobalSection(ExtensibilityGlobals) = postSolution
		SolutionGuid = {25D67519-4822-449B-BA8C-7652E0782E9B}
	EndGlobalSection
EndGlobal
